
Microsoft Visual Studio Solution File, Format Version 12.00
# Visual Studio Version 17
VisualStudioVersion = 17.14.36414.22 d17.14
MinimumVisualStudioVersion = 10.0.40219.1
Project("{FAE04EC0-301F-11D3-BF4B-00C04F79EFBC}") = "userrhash", "userrhash\userrhash.csproj", "{539FC0D4-9DBF-4F62-B0F5-615A5E134567}"
EndProject
Global
	GlobalSection(SolutionConfigurationPlatforms) = preSolution
		Debug|Any CPU = Debug|Any CPU
		Release|Any CPU = Release|Any CPU
	EndGlobalSection
	GlobalSection(ProjectConfigurationPlatforms) = postSolution
		{539FC0D4-9DBF-4F62-B0F5-615A5E134567}.Debug|Any CPU.ActiveCfg = Debug|Any CPU
		{539FC0D4-9DBF-4F62-B0F5-615A5E134567}.Debug|Any CPU.Build.0 = Debug|Any CPU
		{539FC0D4-9DBF-4F62-B0F5-615A5E134567}.Release|Any CPU.ActiveCfg = Release|Any CPU
		{539FC0D4-9DBF-4F62-B0F5-615A5E134567}.Release|Any CPU.Build.0 = Release|Any CPU
	EndGlobalSection
	GlobalSection(SolutionProperties) = preSolution
		HideSolutionNode = FALSE
	EndGlobalSection
	GlobalSection(ExtensibilityGlobals) = postSolution
		SolutionGuid = {B5045DAD-D229-4E6E-9CB8-63F483CA4281}
	EndGlobalSection
EndGlobal
